
Microsoft Visual Studio Solution File, Format Version 12.00
# Visual Studio Version 16
VisualStudioVersion = 16.0.30523.141
MinimumVisualStudioVersion = 10.0.40219.1
Project("{8BC9CEB8-8B4A-11D0-8D11-00A0C91BC942}") = "M1", "M1\M1.vcxproj", "{EEA0C0A0-6AFC-4D54-9EB9-FE6D5B07AEC3}"
EndProject
Global
	GlobalSection(SolutionConfigurationPlatforms) = preSolution
		Debug|x64 = Debug|x64
		Debug|x86 = Debug|x86
		Release|x64 = Release|x64
		Release|x86 = Release|x86
	EndGlobalSection
	GlobalSection(ProjectConfigurationPlatforms) = postSolution
		{EEA0C0A0-6AFC-4D54-9EB9-FE6D5B07AEC3}.Debug|x64.ActiveCfg = Debug|x64
		{EEA0C0A0-6AFC-4D54-9EB9-FE6D5B07AEC3}.Debug|x64.Build.0 = Debug|x64
		{EEA0C0A0-6AFC-4D54-9EB9-FE6D5B07AEC3}.Debug|x86.ActiveCfg = Debug|Win32
		{EEA0C0A0-6AFC-4D54-9EB9-FE6D5B07AEC3}.Debug|x86.Build.0 = Debug|Win32
		{EEA0C0A0-6AFC-4D54-9EB9-FE6D5B07AEC3}.Release|x64.ActiveCfg = Release|x64
		{EEA0C0A0-6AFC-4D54-9EB9-FE6D5B07AEC3}.Release|x64.Build.0 = Release|x64
		{EEA0C0A0-6AFC-4D54-9EB9-FE6D5B07AEC3}.Release|x86.ActiveCfg = Release|Win32
		{EEA0C0A0-6AFC-4D54-9EB9-FE6D5B07AEC3}.Release|x86.Build.0 = Release|Win32
	EndGlobalSection
	GlobalSection(SolutionProperties) = preSolution
		HideSolutionNode = FALSE
	EndGlobalSection
	GlobalSection(ExtensibilityGlobals) = postSolution
		SolutionGuid = {257A42CB-AEF0-4905-91E9-8B25ABEB47E9}
	EndGlobalSection
EndGlobal
